// !$*UTF8*$!
{
	archiveVersion = 1;
	classes = {
	};
	objectVersion = 46;
	objects = {

/* Begin PBXBuildFile section */
		F8B0EA351D1062D80038CD7F /* AppDelegate.swift in Sources */ = {isa = PBXBuildFile; fileRef = F8B0EA341D1062D80038CD7F /* AppDelegate.swift */; };
		F8B0EA371D1062D80038CD7F /* ViewController.swift in Sources */ = {isa = PBXBuildFile; fileRef = F8B0EA361D1062D80038CD7F /* ViewController.swift */; };
		F8B0EA3A1D1062D80038CD7F /* Main.storyboard in Resources */ = {isa = PBXBuildFile; fileRef = F8B0EA381D1062D80038CD7F /* Main.storyboard */; };
		F8B0EA3C1D1062D80038CD7F /* Assets.xcassets in Resources */ = {isa = PBXBuildFile; fileRef = F8B0EA3B1D1062D80038CD7F /* Assets.xcassets */; };
		F8B0EA3F1D1062D80038CD7F /* LaunchScreen.storyboard in Resources */ = {isa = PBXBuildFile; fileRef = F8B0EA3D1D1062D80038CD7F /* LaunchScreen.storyboard */; };
/* End PBXBuildFile section */

/* Begin PBXFileReference section */
		F8B0EA311D1062D80038CD7F /* LocalNotificationSample.app */ = {isa = PBXFileReference; explicitFileType = wrapper.application; includeInIndex = 0; path = LocalNotificationSample.app; sourceTree = BUILT_PRODUCTS_DIR; };
		F8B0EA341D1062D80038CD7F /* AppDelegate.swift */ = {isa = PBXFileReference; lastKnownFileType = sourcecode.swift; path = AppDelegate.swift; sourceTree = "<group>"; };
		F8B0EA361D1062D80038CD7F /* ViewController.swift */ = {isa = PBXFileReference; lastKnownFileType = sourcecode.swift; path = ViewController.swift; sourceTree = "<group>"; };
		F8B0EA391D1062D80038CD7F /* Base */ = {isa = PBXFileReference; lastKnownFileType = file.storyboard; name = Base; path = Base.lproj/Main.storyboard; sourceTree = "<group>"; };
		F8B0EA3B1D1062D80038CD7F /* Assets.xcassets */ = {isa = PBXFileReference; lastKnownFileType = folder.assetcatalog; path = Assets.xcassets; sourceTree = "<group>"; };
		F8B0EA3E1D1062D80038CD7F /* Base */ = {isa = PBXFileReference; lastKnownFileType = file.storyboard; name = Base; path = Base.lproj/LaunchScreen.storyboard; sourceTree = "<group>"; };
		F8B0EA401D1062D80038CD7F /* Info.plist */ = {isa = PBXFileReference; lastKnownFileType = text.plist.xml; path = Info.plist; sourceTree = "<group>"; };
/* End PBXFileReference section */

/* Begin PBXFrameworksBuildPhase section */
		F8B0EA2E1D1062D80038CD7F /* Frameworks */ = {
			isa = PBXFrameworksBuildPhase;
			buildActionMask = 2147483647;
			files = (
			);
			runOnlyForDeploymentPostprocessing = 0;
		};
/* End PBXFrameworksBuildPhase section */

/* Begin PBXGroup section */
		F8B0EA281D1062D80038CD7F = {
			isa = PBXGroup;
			children = (
				F8B0EA331D1062D80038CD7F /* LocalNotificationSample */,
				F8B0EA321D1062D80038CD7F /* Products */,
			);
			sourceTree = "<group>";
		};
		F8B0EA321D1062D80038CD7F /* Products */ = {
			isa = PBXGroup;
			children = (
				F8B0EA311D1062D80038CD7F /* LocalNotificationSample.app */,
			);
			name = Products;
			sourceTree = "<group>";
		};
		F8B0EA331D1062D80038CD7F /* LocalNotificationSample */ = {
			isa = PBXGroup;
			children = (
				F8B0EA341D1062D80038CD7F /* AppDelegate.swift */,
				F8B0EA361D1062D80038CD7F /* ViewController.swift */,
				F8B0EA381D1062D80038CD7F /* Main.storyboard */,
				F8B0EA3B1D1062D80038CD7F /* Assets.xcassets */,
				F8B0EA3D1D1062D80038CD7F /* LaunchScreen.storyboard */,
				F8B0EA401D1062D80038CD7F /* Info.plist */,
			);
			path = LocalNotificationSample;
			sourceTree = "<group>";
		};
/* End PBXGroup section */

/* Begin PBXNativeTarget section */
		F8B0EA301D1062D80038CD7F /* LocalNotificationSample */ = {
			isa = PBXNativeTarget;
			buildConfigurationList = F8B0EA431D1062D80038CD7F /* Build configuration list for PBXNativeTarget "LocalNotificationSample" */;
			buildPhases = (
				F8B0EA2D1D1062D80038CD7F /* Sources */,
				F8B0EA2E1D1062D80038CD7F /* Frameworks */,
				F8B0EA2F1D1062D80038CD7F /* Resources */,
			);
			buildRules = (
			);
			dependencies = (
			);
			name = LocalNotificationSample;
			productName = LocalNotificationSample;
			productReference = F8B0EA311D1062D80038CD7F /* LocalNotificationSample.app */;
			productType = "com.apple.product-type.application";
		};
/* End PBXNativeTarget section */

/* Begin PBXProject section */
		F8B0EA291D1062D80038CD7F /* Project object */ = {
			isa = PBXProject;
			attributes = {
				LastSwiftUpdateCheck = 0800;
				LastUpgradeCheck = 0800;
				ORGANIZATIONNAME = Anish;
				TargetAttributes = {
					F8B0EA301D1062D80038CD7F = {
						CreatedOnToolsVersion = 8.0;
						ProvisioningStyle = Automatic;
					};
				};
			};
			buildConfigurationList = F8B0EA2C1D1062D80038CD7F /* Build configuration list for PBXProject "LocalNotificationSample" */;
			compatibilityVersion = "Xcode 3.2";
			developmentRegion = English;
			hasScannedForEncodings = 0;
			knownRegions = (
				en,
				Base,
			);
			mainGroup = F8B0EA281D1062D80038CD7F;
			productRefGroup = F8B0EA321D1062D80038CD7F /* Products */;
			projectDirPath = "";
			projectRoot = "";
			targets = (
				F8B0EA301D1062D80038CD7F /* LocalNotificationSample */,
			);
		};
/* End PBXProject section */

/* Begin PBXResourcesBuildPhase section */
		F8B0EA2F1D1062D80038CD7F /* Resources */ = {
			isa = PBXResourcesBuildPhase;
			buildActionMask = 2147483647;
			files = (
				F8B0EA3F1D1062D80038CD7F /* LaunchScreen.storyboard in Resources */,
				F8B0EA3C1D1062D80038CD7F /* Assets.xcassets in Resources */,
				F8B0EA3A1D1062D80038CD7F /* Main.storyboard in Resources */,
			);
			runOnlyForDeploymentPostprocessing = 0;
		};
/* End PBXResourcesBuildPhase section */

/* Begin PBXSourcesBuildPhase section */
		F8B0EA2D1D1062D80038CD7F /* Sources */ = {
			isa = PBXSourcesBuildPhase;
			buildActionMask = 2147483647;
			files = (
				F8B0EA371D1062D80038CD7F /* ViewController.swift in Sources */,
				F8B0EA351D1062D80038CD7F /* AppDelegate.swift in Sources */,
			);
			runOnlyForDeploymentPostprocessing = 0;
		};
/* End PBXSourcesBuildPhase section */

/* Begin PBXVariantGroup section */
		F8B0EA381D1062D80038CD7F /* Main.storyboard */ = {
			isa = PBXVariantGroup;
			children = (
				F8B0EA391D1062D80038CD7F /* Base */,
			);
			name = Main.storyboard;
			sourceTree = "<group>";
		};
		F8B0EA3D1D1062D80038CD7F /* LaunchScreen.storyboard */ = {
			isa = PBXVariantGroup;
			children = (
				F8B0EA3E1D1062D80038CD7F /* Base */,
			);
			name = LaunchScreen.storyboard;
			sourceTree = "<group>";
		};
/* End PBXVariantGroup section */

/* Begin XCBuildConfiguration section */
		F8B0EA411D1062D80038CD7F /* Debug */ = {
			isa = XCBuildConfiguration;
			buildSettings = {
				ALWAYS_SEARCH_USER_PATHS = NO;
				CLANG_ANALYZER_NONNULL = YES;
				CLANG_CXX_LANGUAGE_STANDARD = "gnu++0x";
				CLANG_CXX_LIBRARY = "libc++";
				CLANG_ENABLE_MODULES = YES;
				CLANG_ENABLE_OBJC_ARC = YES;
				CLANG_WARN_BOOL_CONVERSION = YES;
				CLANG_WARN_CONSTANT_CONVERSION = YES;
				CLANG_WARN_DIRECT_OBJC_ISA_USAGE = YES_ERROR;
				CLANG_WARN_DOCUMENTATION_COMMENTS = YES;
				CLANG_WARN_EMPTY_BODY = YES;
				CLANG_WARN_ENUM_CONVERSION = YES;
				CLANG_WARN_INT_CONVERSION = YES;
				CLANG_WARN_OBJC_ROOT_CLASS = YES_ERROR;
				CLANG_WARN_UNREACHABLE_CODE = YES;
				CLANG_WARN__DUPLICATE_METHOD_MATCH = YES;
				"CODE_SIGN_IDENTITY[sdk=iphoneos*]" = "iPhone Developer";
				COPY_PHASE_STRIP = NO;
				DEBUG_INFORMATION_FORMAT = dwarf;
				ENABLE_STRICT_OBJC_MSGSEND = YES;
				ENABLE_TESTABILITY = YES;
				GCC_C_LANGUAGE_STANDARD = gnu99;
				GCC_DYNAMIC_NO_PIC = NO;
				GCC_NO_COMMON_BLOCKS = YES;
				GCC_OPTIMIZATION_LEVEL = 0;
				GCC_PREPROCESSOR_DEFINITIONS = (
					"DEBUG=1",
					"$(inherited)",
				);
				GCC_WARN_64_TO_32_BIT_CONVERSION = YES;
				GCC_WARN_ABOUT_RETURN_TYPE = YES_ERROR;
				GCC_WARN_UNDECLARED_SELECTOR = YES;
				GCC_WARN_UNINITIALIZED_AUTOS = YES_AGGRESSIVE;
				GCC_WARN_UNUSED_FUNCTION = YES;
				GCC_WARN_UNUSED_VARIABLE = YES;
				IPHONEOS_DEPLOYMENT_TARGET = 10.0;
				MTL_ENABLE_DEBUG_INFO = YES;
				ONLY_ACTIVE_ARCH = YES;
				SDKROOT = iphoneos;
				SWIFT_ACTIVE_COMPILATION_CONDITIONS = DEBUG;
				SWIFT_OPTIMIZATION_LEVEL = "-Onone";
			};
			name = Debug;
		};
		F8B0EA421D1062D80038CD7F /* Release */ = {
			isa = XCBuildConfiguration;
			buildSettings = {
				ALWAYS_SEARCH_USER_PATHS = NO;
				CLANG_ANALYZER_NONNULL = YES;
				CLANG_CXX_LANGUAGE_STANDARD = "gnu++0x";
				CLANG_CXX_LIBRARY = "libc++";
				CLANG_ENABLE_MODULES = YES;
				CLANG_ENABLE_OBJC_ARC = YES;
				CLANG_WARN_BOOL_CONVERSION = YES;
				CLANG_WARN_CONSTANT_CONVERSION = YES;
				CLANG_WARN_DIRECT_OBJC_ISA_USAGE = YES_ERROR;
				CLANG_WARN_DOCUMENTATION_COMMENTS = YES;
				CLANG_WARN_EMPTY_BODY = YES;
				CLANG_WARN_ENUM_CONVERSION = YES;
				CLANG_WARN_INT_CONVERSION = YES;
				CLANG_WARN_OBJC_ROOT_CLASS = YES_ERROR;
				CLANG_WARN_UNREACHABLE_CODE = YES;
				CLANG_WARN__DUPLICATE_METHOD_MATCH = YES;
				"CODE_SIGN_IDENTITY[sdk=iphoneos*]" = "iPhone Developer";
				COPY_PHASE_STRIP = NO;
				DEBUG_INFORMATION_FORMAT = "dwarf-with-dsym";
				ENABLE_NS_ASSERTIONS = NO;
				ENABLE_STRICT_OBJC_MSGSEND = YES;
				GCC_C_LANGUAGE_STANDARD = gnu99;
				GCC_NO_COMMON_BLOCKS = YES;
				GCC_WARN_64_TO_32_BIT_CONVERSION = YES;
				GCC_WARN_ABOUT_RETURN_TYPE = YES_ERROR;
				GCC_WARN_UNDECLARED_SELECTOR = YES;
				GCC_WARN_UNINITIALIZED_AUTOS = YES_AGGRESSIVE;
				GCC_WARN_UNUSED_FUNCTION = YES;
				GCC_WARN_UNUSED_VARIABLE = YES;
				IPHONEOS_DEPLOYMENT_TARGET = 10.0;
				MTL_ENABLE_DEBUG_INFO = NO;
				SDKROOT = iphoneos;
				SWIFT_OPTIMIZATION_LEVEL = "-Owholemodule";
				VALIDATE_PRODUCT = YES;
			};
			name = Release;
		};
		F8B0EA441D1062D80038CD7F /* Debug */ = {
			isa = XCBuildConfiguration;
			buildSettings = {
				ASSETCATALOG_COMPILER_APPICON_NAME = AppIcon;
				INFOPLIST_FILE = LocalNotificationSample/Info.plist;
				LD_RUNPATH_SEARCH_PATHS = "$(inherited) @executable_path/Frameworks";
				PRODUCT_BUNDLE_IDENTIFIER = com.Anish.Container.LocalNotificationSample;
				PRODUCT_NAME = "$(TARGET_NAME)";
				SWIFT_VERSION = 3.0;
			};
			name = Debug;
		};
		F8B0EA451D1062D80038CD7F /* Release */ = {
			isa = XCBuildConfiguration;
			buildSettings = {
				ASSETCATALOG_COMPILER_APPICON_NAME = AppIcon;
				INFOPLIST_FILE = LocalNotificationSample/Info.plist;
				LD_RUNPATH_SEARCH_PATHS = "$(inherited) @executable_path/Frameworks";
				PRODUCT_BUNDLE_IDENTIFIER = com.Anish.Container.LocalNotificationSample;
				PRODUCT_NAME = "$(TARGET_NAME)";
				SWIFT_VERSION = 3.0;
			};
			name = Release;
		};
/* End XCBuildConfiguration section */

/* Begin XCConfigurationList section */
		F8B0EA2C1D1062D80038CD7F /* Build configuration list for PBXProject "LocalNotificationSample" */ = {
			isa = XCConfigurationList;
			buildConfigurations = (
				F8B0EA411D1062D80038CD7F /* Debug */,
				F8B0EA421D1062D80038CD7F /* Release */,
			);
			defaultConfigurationIsVisible = 0;
			defaultConfigurationName = Release;
		};
		F8B0EA431D1062D80038CD7F /* Build configuration list for PBXNativeTarget "LocalNotificationSample" */ = {
			isa = XCConfigurationList;
			buildConfigurations = (
				F8B0EA441D1062D80038CD7F /* Debug */,
				F8B0EA451D1062D80038CD7F /* Release */,
			);
			defaultConfigurationIsVisible = 0;
		};
/* End XCConfigurationList section */
	};
	rootObject = F8B0EA291D1062D80038CD7F /* Project object */;
}
